
Microsoft Visual Studio Solution File, Format Version 12.00
# Visual Studio Version 17
VisualStudioVersion = 17.10.35027.167
MinimumVisualStudioVersion = 10.0.40219.1
Project("{9A19103F-16F7-4668-BE54-9A1E7A4F7556}") = "Epam.Mentoring.Shopping", "Epam.Mentoring.Shopping\Epam.Mentoring.Shopping.csproj", "{865FB68B-5CF0-43C6-B2AB-65354CA8BCAD}"
EndProject
Project("{FAE04EC0-301F-11D3-BF4B-00C04F79EFBC}") = "Epam.Mentoring.Shopping.Tests", "Epam.Mentoring.Shopping.Tests\Epam.Mentoring.Shopping.Tests.csproj", "{A4D1D8AA-603F-489A-8F45-6E7E11D5CB4F}"
EndProject
Global
	GlobalSection(SolutionConfigurationPlatforms) = preSolution
		Debug|Any CPU = Debug|Any CPU
		Release|Any CPU = Release|Any CPU
	EndGlobalSection
	GlobalSection(ProjectConfigurationPlatforms) = postSolution
		{865FB68B-5CF0-43C6-B2AB-65354CA8BCAD}.Debug|Any CPU.ActiveCfg = Debug|Any CPU
		{865FB68B-5CF0-43C6-B2AB-65354CA8BCAD}.Debug|Any CPU.Build.0 = Debug|Any CPU
		{865FB68B-5CF0-43C6-B2AB-65354CA8BCAD}.Release|Any CPU.ActiveCfg = Release|Any CPU
		{865FB68B-5CF0-43C6-B2AB-65354CA8BCAD}.Release|Any CPU.Build.0 = Release|Any CPU
		{A4D1D8AA-603F-489A-8F45-6E7E11D5CB4F}.Debug|Any CPU.ActiveCfg = Debug|Any CPU
		{A4D1D8AA-603F-489A-8F45-6E7E11D5CB4F}.Debug|Any CPU.Build.0 = Debug|Any CPU
		{A4D1D8AA-603F-489A-8F45-6E7E11D5CB4F}.Release|Any CPU.ActiveCfg = Release|Any CPU
		{A4D1D8AA-603F-489A-8F45-6E7E11D5CB4F}.Release|Any CPU.Build.0 = Release|Any CPU
	EndGlobalSection
	GlobalSection(SolutionProperties) = preSolution
		HideSolutionNode = FALSE
	EndGlobalSection
	GlobalSection(ExtensibilityGlobals) = postSolution
		SolutionGuid = {556823EB-560B-4E84-A412-64946010482C}
	EndGlobalSection
EndGlobal
